
Microsoft Visual Studio Solution File, Format Version 12.00
Project("{FAE04EC0-301F-11D3-BF4B-00C04F79EFBC}") = "BotDiscordCode", "BotDiscordCode.csproj", "{5F7C4CF4-DD65-4028-A22B-2960BC459698}"
EndProject
Global
	GlobalSection(SolutionConfigurationPlatforms) = preSolution
		Debug|Any CPU = Debug|Any CPU
		Release|Any CPU = Release|Any CPU
	EndGlobalSection
	GlobalSection(ProjectConfigurationPlatforms) = postSolution
		{5F7C4CF4-DD65-4028-A22B-2960BC459698}.Debug|Any CPU.ActiveCfg = Debug|Any CPU
		{5F7C4CF4-DD65-4028-A22B-2960BC459698}.Debug|Any CPU.Build.0 = Debug|Any CPU
		{5F7C4CF4-DD65-4028-A22B-2960BC459698}.Release|Any CPU.ActiveCfg = Release|Any CPU
		{5F7C4CF4-DD65-4028-A22B-2960BC459698}.Release|Any CPU.Build.0 = Release|Any CPU
	EndGlobalSection
EndGlobal
